// !$*UTF8*$!
{
	archiveVersion = 1;
	classes = {
	};
	objectVersion = 56;
	objects = {

/* Begin PBXBuildFile section */
		F6846BB92BC2C73E00F3E648 /* DailyForecastView.swift in Sources */ = {isa = PBXBuildFile; fileRef = F6846BB82BC2C73E00F3E648 /* DailyForecastView.swift */; };
		F6846BBB2BC2E8F200F3E648 /* WeatherData.swift in Sources */ = {isa = PBXBuildFile; fileRef = F6846BBA2BC2E8F200F3E648 /* WeatherData.swift */; };
		F6846BBE2BC32C3100F3E648 /* WeatherService.swift in Sources */ = {isa = PBXBuildFile; fileRef = F6846BBD2BC32C3100F3E648 /* WeatherService.swift */; };
		F6846BC02BC332E100F3E648 /* Statics.swift in Sources */ = {isa = PBXBuildFile; fileRef = F6846BBF2BC332E100F3E648 /* Statics.swift */; };
		F6846BC22BC338F600F3E648 /* CityOverviewModel.swift in Sources */ = {isa = PBXBuildFile; fileRef = F6846BC12BC338F600F3E648 /* CityOverviewModel.swift */; };
		F6846BC52BC3400B00F3E648 /* SDWebImageSwiftUI in Frameworks */ = {isa = PBXBuildFile; productRef = F6846BC42BC3400B00F3E648 /* SDWebImageSwiftUI */; };
		F6865FEE2BBEB292001523E9 /* ValueDescriptionStack.swift in Sources */ = {isa = PBXBuildFile; fileRef = F6865FED2BBEB292001523E9 /* ValueDescriptionStack.swift */; };
		F6865FF02BBECE50001523E9 /* ValueHourlyStack.swift in Sources */ = {isa = PBXBuildFile; fileRef = F6865FEF2BBECE50001523E9 /* ValueHourlyStack.swift */; };
		F6865FF32BBED668001523E9 /* CityOverview.swift in Sources */ = {isa = PBXBuildFile; fileRef = F6865FF22BBED668001523E9 /* CityOverview.swift */; };
		F6865FF62BBEDA2F001523E9 /* ContentViewModel.swift in Sources */ = {isa = PBXBuildFile; fileRef = F6865FF52BBEDA2F001523E9 /* ContentViewModel.swift */; };
		F6865FF92BBEDBEB001523E9 /* City.swift in Sources */ = {isa = PBXBuildFile; fileRef = F6865FF82BBEDBEB001523E9 /* City.swift */; };
		F6865FFB2BBF02D4001523E9 /* Next7DaysView.swift in Sources */ = {isa = PBXBuildFile; fileRef = F6865FFA2BBF02D4001523E9 /* Next7DaysView.swift */; };
		F6A006C32BBE963A00EF7F62 /* GrowGuardApp.swift in Sources */ = {isa = PBXBuildFile; fileRef = F6A006C22BBE963A00EF7F62 /* GrowGuardApp.swift */; };
		F6A006C52BBE963A00EF7F62 /* ContentView.swift in Sources */ = {isa = PBXBuildFile; fileRef = F6A006C42BBE963A00EF7F62 /* ContentView.swift */; };
		F6A006C72BBE963B00EF7F62 /* Assets.xcassets in Resources */ = {isa = PBXBuildFile; fileRef = F6A006C62BBE963B00EF7F62 /* Assets.xcassets */; };
		F6A006CA2BBE963B00EF7F62 /* Preview Assets.xcassets in Resources */ = {isa = PBXBuildFile; fileRef = F6A006C92BBE963B00EF7F62 /* Preview Assets.xcassets */; };
		F6A006D12BBE9BE700EF7F62 /* CustomColor.swift in Sources */ = {isa = PBXBuildFile; fileRef = F6A006D02BBE9BE700EF7F62 /* CustomColor.swift */; };
/* End PBXBuildFile section */

/* Begin PBXFileReference section */
		F6846BB82BC2C73E00F3E648 /* DailyForecastView.swift */ = {isa = PBXFileReference; lastKnownFileType = sourcecode.swift; path = DailyForecastView.swift; sourceTree = "<group>"; };
		F6846BBA2BC2E8F200F3E648 /* WeatherData.swift */ = {isa = PBXFileReference; lastKnownFileType = sourcecode.swift; path = WeatherData.swift; sourceTree = "<group>"; };
		F6846BBD2BC32C3100F3E648 /* WeatherService.swift */ = {isa = PBXFileReference; lastKnownFileType = sourcecode.swift; path = WeatherService.swift; sourceTree = "<group>"; };
		F6846BBF2BC332E100F3E648 /* Statics.swift */ = {isa = PBXFileReference; lastKnownFileType = sourcecode.swift; path = Statics.swift; sourceTree = "<group>"; };
		F6846BC12BC338F600F3E648 /* CityOverviewModel.swift */ = {isa = PBXFileReference; lastKnownFileType = sourcecode.swift; path = CityOverviewModel.swift; sourceTree = "<group>"; };
		F6865FED2BBEB292001523E9 /* ValueDescriptionStack.swift */ = {isa = PBXFileReference; lastKnownFileType = sourcecode.swift; path = ValueDescriptionStack.swift; sourceTree = "<group>"; };
		F6865FEF2BBECE50001523E9 /* ValueHourlyStack.swift */ = {isa = PBXFileReference; lastKnownFileType = sourcecode.swift; path = ValueHourlyStack.swift; sourceTree = "<group>"; };
		F6865FF22BBED668001523E9 /* CityOverview.swift */ = {isa = PBXFileReference; lastKnownFileType = sourcecode.swift; path = CityOverview.swift; sourceTree = "<group>"; };
		F6865FF52BBEDA2F001523E9 /* ContentViewModel.swift */ = {isa = PBXFileReference; lastKnownFileType = sourcecode.swift; path = ContentViewModel.swift; sourceTree = "<group>"; };
		F6865FF82BBEDBEB001523E9 /* City.swift */ = {isa = PBXFileReference; lastKnownFileType = sourcecode.swift; path = City.swift; sourceTree = "<group>"; };
		F6865FFA2BBF02D4001523E9 /* Next7DaysView.swift */ = {isa = PBXFileReference; lastKnownFileType = sourcecode.swift; path = Next7DaysView.swift; sourceTree = "<group>"; };
		F6A006BF2BBE963A00EF7F62 /* GrowGuard.app */ = {isa = PBXFileReference; explicitFileType = wrapper.application; includeInIndex = 0; path = GrowGuard.app; sourceTree = BUILT_PRODUCTS_DIR; };
		F6A006C22BBE963A00EF7F62 /* GrowGuardApp.swift */ = {isa = PBXFileReference; lastKnownFileType = sourcecode.swift; path = GrowGuardApp.swift; sourceTree = "<group>"; };
		F6A006C42BBE963A00EF7F62 /* ContentView.swift */ = {isa = PBXFileReference; lastKnownFileType = sourcecode.swift; path = ContentView.swift; sourceTree = "<group>"; };
		F6A006C62BBE963B00EF7F62 /* Assets.xcassets */ = {isa = PBXFileReference; lastKnownFileType = folder.assetcatalog; path = Assets.xcassets; sourceTree = "<group>"; };
		F6A006C92BBE963B00EF7F62 /* Preview Assets.xcassets */ = {isa = PBXFileReference; lastKnownFileType = folder.assetcatalog; path = "Preview Assets.xcassets"; sourceTree = "<group>"; };
		F6A006D02BBE9BE700EF7F62 /* CustomColor.swift */ = {isa = PBXFileReference; lastKnownFileType = sourcecode.swift; path = CustomColor.swift; sourceTree = "<group>"; };
/* End PBXFileReference section */

/* Begin PBXFrameworksBuildPhase section */
		F6A006BC2BBE963A00EF7F62 /* Frameworks */ = {
			isa = PBXFrameworksBuildPhase;
			buildActionMask = 2147483647;
			files = (
				F6846BC52BC3400B00F3E648 /* SDWebImageSwiftUI in Frameworks */,
			);
			runOnlyForDeploymentPostprocessing = 0;
		};
/* End PBXFrameworksBuildPhase section */

/* Begin PBXGroup section */
		F6846BBC2BC32C0100F3E648 /* Services */ = {
			isa = PBXGroup;
			children = (
				F6846BBD2BC32C3100F3E648 /* WeatherService.swift */,
				F6846BBF2BC332E100F3E648 /* Statics.swift */,
			);
			path = Services;
			sourceTree = "<group>";
		};
		F6865FF12BBED636001523E9 /* Views */ = {
			isa = PBXGroup;
			children = (
				F6865FF22BBED668001523E9 /* CityOverview.swift */,
				F6865FED2BBEB292001523E9 /* ValueDescriptionStack.swift */,
				F6865FEF2BBECE50001523E9 /* ValueHourlyStack.swift */,
				F6865FFA2BBF02D4001523E9 /* Next7DaysView.swift */,
				F6846BB82BC2C73E00F3E648 /* DailyForecastView.swift */,
			);
			path = Views;
			sourceTree = "<group>";
		};
		F6865FF42BBEDA12001523E9 /* ViewModels */ = {
			isa = PBXGroup;
			children = (
				F6865FF52BBEDA2F001523E9 /* ContentViewModel.swift */,
				F6846BC12BC338F600F3E648 /* CityOverviewModel.swift */,
			);
			path = ViewModels;
			sourceTree = "<group>";
		};
		F6865FF72BBEDBC5001523E9 /* Models */ = {
			isa = PBXGroup;
			children = (
				F6865FF82BBEDBEB001523E9 /* City.swift */,
				F6846BBA2BC2E8F200F3E648 /* WeatherData.swift */,
			);
			path = Models;
			sourceTree = "<group>";
		};
		F6A006B62BBE963A00EF7F62 = {
			isa = PBXGroup;
			children = (
				F6A006C12BBE963A00EF7F62 /* GrowGuard */,
				F6A006C02BBE963A00EF7F62 /* Products */,
			);
			sourceTree = "<group>";
		};
		F6A006C02BBE963A00EF7F62 /* Products */ = {
			isa = PBXGroup;
			children = (
				F6A006BF2BBE963A00EF7F62 /* GrowGuard.app */,
			);
			name = Products;
			sourceTree = "<group>";
		};
		F6A006C12BBE963A00EF7F62 /* GrowGuard */ = {
			isa = PBXGroup;
			children = (
				F6A006C62BBE963B00EF7F62 /* Assets.xcassets */,
				F6A006C22BBE963A00EF7F62 /* GrowGuardApp.swift */,
				F6A006C42BBE963A00EF7F62 /* ContentView.swift */,
				F6865FF72BBEDBC5001523E9 /* Models */,
				F6846BBC2BC32C0100F3E648 /* Services */,
				F6865FF12BBED636001523E9 /* Views */,
				F6865FF42BBEDA12001523E9 /* ViewModels */,
				F6A006C82BBE963B00EF7F62 /* Preview Content */,
			);
			path = GrowGuard;
			sourceTree = "<group>";
		};
		F6A006C82BBE963B00EF7F62 /* Preview Content */ = {
			isa = PBXGroup;
			children = (
				F6A006C92BBE963B00EF7F62 /* Preview Assets.xcassets */,
				F6A006D02BBE9BE700EF7F62 /* CustomColor.swift */,
			);
			path = "Preview Content";
			sourceTree = "<group>";
		};
/* End PBXGroup section */

/* Begin PBXNativeTarget section */
		F6A006BE2BBE963A00EF7F62 /* GrowGuard */ = {
			isa = PBXNativeTarget;
			buildConfigurationList = F6A006CD2BBE963B00EF7F62 /* Build configuration list for PBXNativeTarget "GrowGuard" */;
			buildPhases = (
				F6A006BB2BBE963A00EF7F62 /* Sources */,
				F6A006BC2BBE963A00EF7F62 /* Frameworks */,
				F6A006BD2BBE963A00EF7F62 /* Resources */,
			);
			buildRules = (
			);
			dependencies = (
			);
			name = GrowGuard;
			packageProductDependencies = (
				F6846BC42BC3400B00F3E648 /* SDWebImageSwiftUI */,
			);
			productName = GrowGuard;
			productReference = F6A006BF2BBE963A00EF7F62 /* GrowGuard.app */;
			productType = "com.apple.product-type.application";
		};
/* End PBXNativeTarget section */

/* Begin PBXProject section */
		F6A006B72BBE963A00EF7F62 /* Project object */ = {
			isa = PBXProject;
			attributes = {
				BuildIndependentTargetsInParallel = 1;
				LastSwiftUpdateCheck = 1530;
				LastUpgradeCheck = 1530;
				TargetAttributes = {
					F6A006BE2BBE963A00EF7F62 = {
						CreatedOnToolsVersion = 15.3;
					};
				};
			};
			buildConfigurationList = F6A006BA2BBE963A00EF7F62 /* Build configuration list for PBXProject "GrowGuard" */;
			compatibilityVersion = "Xcode 14.0";
			developmentRegion = en;
			hasScannedForEncodings = 0;
			knownRegions = (
				en,
				Base,
			);
			mainGroup = F6A006B62BBE963A00EF7F62;
			packageReferences = (
				F6846BC32BC3400B00F3E648 /* XCRemoteSwiftPackageReference "SDWebImageSwiftUI" */,
			);
			productRefGroup = F6A006C02BBE963A00EF7F62 /* Products */;
			projectDirPath = "";
			projectRoot = "";
			targets = (
				F6A006BE2BBE963A00EF7F62 /* GrowGuard */,
			);
		};
/* End PBXProject section */

/* Begin PBXResourcesBuildPhase section */
		F6A006BD2BBE963A00EF7F62 /* Resources */ = {
			isa = PBXResourcesBuildPhase;
			buildActionMask = 2147483647;
			files = (
				F6A006CA2BBE963B00EF7F62 /* Preview Assets.xcassets in Resources */,
				F6A006C72BBE963B00EF7F62 /* Assets.xcassets in Resources */,
			);
			runOnlyForDeploymentPostprocessing = 0;
		};
/* End PBXResourcesBuildPhase section */

/* Begin PBXSourcesBuildPhase section */
		F6A006BB2BBE963A00EF7F62 /* Sources */ = {
			isa = PBXSourcesBuildPhase;
			buildActionMask = 2147483647;
			files = (
				F6A006C52BBE963A00EF7F62 /* ContentView.swift in Sources */,
				F6846BB92BC2C73E00F3E648 /* DailyForecastView.swift in Sources */,
				F6865FF32BBED668001523E9 /* CityOverview.swift in Sources */,
				F6865FEE2BBEB292001523E9 /* ValueDescriptionStack.swift in Sources */,
				F6846BBE2BC32C3100F3E648 /* WeatherService.swift in Sources */,
				F6865FF62BBEDA2F001523E9 /* ContentViewModel.swift in Sources */,
				F6846BBB2BC2E8F200F3E648 /* WeatherData.swift in Sources */,
				F6A006C32BBE963A00EF7F62 /* GrowGuardApp.swift in Sources */,
				F6A006D12BBE9BE700EF7F62 /* CustomColor.swift in Sources */,
				F6865FF92BBEDBEB001523E9 /* City.swift in Sources */,
				F6865FF02BBECE50001523E9 /* ValueHourlyStack.swift in Sources */,
				F6846BC22BC338F600F3E648 /* CityOverviewModel.swift in Sources */,
				F6846BC02BC332E100F3E648 /* Statics.swift in Sources */,
				F6865FFB2BBF02D4001523E9 /* Next7DaysView.swift in Sources */,
			);
			runOnlyForDeploymentPostprocessing = 0;
		};
/* End PBXSourcesBuildPhase section */

/* Begin XCBuildConfiguration section */
		F6A006CB2BBE963B00EF7F62 /* Debug */ = {
			isa = XCBuildConfiguration;
			buildSettings = {
				ALWAYS_SEARCH_USER_PATHS = NO;
				ASSETCATALOG_COMPILER_GENERATE_SWIFT_ASSET_SYMBOL_EXTENSIONS = YES;
				CLANG_ANALYZER_NONNULL = YES;
				CLANG_ANALYZER_NUMBER_OBJECT_CONVERSION = YES_AGGRESSIVE;
				CLANG_CXX_LANGUAGE_STANDARD = "gnu++20";
				CLANG_ENABLE_MODULES = YES;
				CLANG_ENABLE_OBJC_ARC = YES;
				CLANG_ENABLE_OBJC_WEAK = YES;
				CLANG_WARN_BLOCK_CAPTURE_AUTORELEASING = YES;
				CLANG_WARN_BOOL_CONVERSION = YES;
				CLANG_WARN_COMMA = YES;
				CLANG_WARN_CONSTANT_CONVERSION = YES;
				CLANG_WARN_DEPRECATED_OBJC_IMPLEMENTATIONS = YES;
				CLANG_WARN_DIRECT_OBJC_ISA_USAGE = YES_ERROR;
				CLANG_WARN_DOCUMENTATION_COMMENTS = YES;
				CLANG_WARN_EMPTY_BODY = YES;
				CLANG_WARN_ENUM_CONVERSION = YES;
				CLANG_WARN_INFINITE_RECURSION = YES;
				CLANG_WARN_INT_CONVERSION = YES;
				CLANG_WARN_NON_LITERAL_NULL_CONVERSION = YES;
				CLANG_WARN_OBJC_IMPLICIT_RETAIN_SELF = YES;
				CLANG_WARN_OBJC_LITERAL_CONVERSION = YES;
				CLANG_WARN_OBJC_ROOT_CLASS = YES_ERROR;
				CLANG_WARN_QUOTED_INCLUDE_IN_FRAMEWORK_HEADER = YES;
				CLANG_WARN_RANGE_LOOP_ANALYSIS = YES;
				CLANG_WARN_STRICT_PROTOTYPES = YES;
				CLANG_WARN_SUSPICIOUS_MOVE = YES;
				CLANG_WARN_UNGUARDED_AVAILABILITY = YES_AGGRESSIVE;
				CLANG_WARN_UNREACHABLE_CODE = YES;
				CLANG_WARN__DUPLICATE_METHOD_MATCH = YES;
				COPY_PHASE_STRIP = NO;
				DEBUG_INFORMATION_FORMAT = dwarf;
				ENABLE_STRICT_OBJC_MSGSEND = YES;
				ENABLE_TESTABILITY = YES;
				ENABLE_USER_SCRIPT_SANDBOXING = YES;
				GCC_C_LANGUAGE_STANDARD = gnu17;
				GCC_DYNAMIC_NO_PIC = NO;
				GCC_NO_COMMON_BLOCKS = YES;
				GCC_OPTIMIZATION_LEVEL = 0;
				GCC_PREPROCESSOR_DEFINITIONS = (
					"DEBUG=1",
					"$(inherited)",
				);
				GCC_WARN_64_TO_32_BIT_CONVERSION = YES;
				GCC_WARN_ABOUT_RETURN_TYPE = YES_ERROR;
				GCC_WARN_UNDECLARED_SELECTOR = YES;
				GCC_WARN_UNINITIALIZED_AUTOS = YES_AGGRESSIVE;
				GCC_WARN_UNUSED_FUNCTION = YES;
				GCC_WARN_UNUSED_VARIABLE = YES;
				IPHONEOS_DEPLOYMENT_TARGET = 17.4;
				LOCALIZATION_PREFERS_STRING_CATALOGS = YES;
				MTL_ENABLE_DEBUG_INFO = INCLUDE_SOURCE;
				MTL_FAST_MATH = YES;
				ONLY_ACTIVE_ARCH = YES;
				SDKROOT = iphoneos;
				SWIFT_ACTIVE_COMPILATION_CONDITIONS = "DEBUG $(inherited)";
				SWIFT_OPTIMIZATION_LEVEL = "-Onone";
			};
			name = Debug;
		};
		F6A006CC2BBE963B00EF7F62 /* Release */ = {
			isa = XCBuildConfiguration;
			buildSettings = {
				ALWAYS_SEARCH_USER_PATHS = NO;
				ASSETCATALOG_COMPILER_GENERATE_SWIFT_ASSET_SYMBOL_EXTENSIONS = YES;
				CLANG_ANALYZER_NONNULL = YES;
				CLANG_ANALYZER_NUMBER_OBJECT_CONVERSION = YES_AGGRESSIVE;
				CLANG_CXX_LANGUAGE_STANDARD = "gnu++20";
				CLANG_ENABLE_MODULES = YES;
				CLANG_ENABLE_OBJC_ARC = YES;
				CLANG_ENABLE_OBJC_WEAK = YES;
				CLANG_WARN_BLOCK_CAPTURE_AUTORELEASING = YES;
				CLANG_WARN_BOOL_CONVERSION = YES;
				CLANG_WARN_COMMA = YES;
				CLANG_WARN_CONSTANT_CONVERSION = YES;
				CLANG_WARN_DEPRECATED_OBJC_IMPLEMENTATIONS = YES;
				CLANG_WARN_DIRECT_OBJC_ISA_USAGE = YES_ERROR;
				CLANG_WARN_DOCUMENTATION_COMMENTS = YES;
				CLANG_WARN_EMPTY_BODY = YES;
				CLANG_WARN_ENUM_CONVERSION = YES;
				CLANG_WARN_INFINITE_RECURSION = YES;
				CLANG_WARN_INT_CONVERSION = YES;
				CLANG_WARN_NON_LITERAL_NULL_CONVERSION = YES;
				CLANG_WARN_OBJC_IMPLICIT_RETAIN_SELF = YES;
				CLANG_WARN_OBJC_LITERAL_CONVERSION = YES;
				CLANG_WARN_OBJC_ROOT_CLASS = YES_ERROR;
				CLANG_WARN_QUOTED_INCLUDE_IN_FRAMEWORK_HEADER = YES;
				CLANG_WARN_RANGE_LOOP_ANALYSIS = YES;
				CLANG_WARN_STRICT_PROTOTYPES = YES;
				CLANG_WARN_SUSPICIOUS_MOVE = YES;
				CLANG_WARN_UNGUARDED_AVAILABILITY = YES_AGGRESSIVE;
				CLANG_WARN_UNREACHABLE_CODE = YES;
				CLANG_WARN__DUPLICATE_METHOD_MATCH = YES;
				COPY_PHASE_STRIP = NO;
				DEBUG_INFORMATION_FORMAT = "dwarf-with-dsym";
				ENABLE_NS_ASSERTIONS = NO;
				ENABLE_STRICT_OBJC_MSGSEND = YES;
				ENABLE_USER_SCRIPT_SANDBOXING = YES;
				GCC_C_LANGUAGE_STANDARD = gnu17;
				GCC_NO_COMMON_BLOCKS = YES;
				GCC_WARN_64_TO_32_BIT_CONVERSION = YES;
				GCC_WARN_ABOUT_RETURN_TYPE = YES_ERROR;
				GCC_WARN_UNDECLARED_SELECTOR = YES;
				GCC_WARN_UNINITIALIZED_AUTOS = YES_AGGRESSIVE;
				GCC_WARN_UNUSED_FUNCTION = YES;
				GCC_WARN_UNUSED_VARIABLE = YES;
				IPHONEOS_DEPLOYMENT_TARGET = 17.4;
				LOCALIZATION_PREFERS_STRING_CATALOGS = YES;
				MTL_ENABLE_DEBUG_INFO = NO;
				MTL_FAST_MATH = YES;
				SDKROOT = iphoneos;
				SWIFT_COMPILATION_MODE = wholemodule;
				VALIDATE_PRODUCT = YES;
			};
			name = Release;
		};
		F6A006CE2BBE963B00EF7F62 /* Debug */ = {
			isa = XCBuildConfiguration;
			buildSettings = {
				ASSETCATALOG_COMPILER_APPICON_NAME = AppIcon;
				ASSETCATALOG_COMPILER_GLOBAL_ACCENT_COLOR_NAME = AccentColor;
				CODE_SIGN_STYLE = Automatic;
				CURRENT_PROJECT_VERSION = 1;
				DEVELOPMENT_ASSET_PATHS = "\"GrowGuard/Preview Content\"";
				DEVELOPMENT_TEAM = 7VZFYR6Z9U;
				ENABLE_PREVIEWS = YES;
				GENERATE_INFOPLIST_FILE = YES;
				INFOPLIST_KEY_UIApplicationSceneManifest_Generation = YES;
				INFOPLIST_KEY_UIApplicationSupportsIndirectInputEvents = YES;
				INFOPLIST_KEY_UILaunchScreen_Generation = YES;
				INFOPLIST_KEY_UISupportedInterfaceOrientations_iPad = "UIInterfaceOrientationPortrait UIInterfaceOrientationPortraitUpsideDown UIInterfaceOrientationLandscapeLeft UIInterfaceOrientationLandscapeRight";
				INFOPLIST_KEY_UISupportedInterfaceOrientations_iPhone = "UIInterfaceOrientationPortrait UIInterfaceOrientationLandscapeLeft UIInterfaceOrientationLandscapeRight";
				LD_RUNPATH_SEARCH_PATHS = (
					"$(inherited)",
					"@executable_path/Frameworks",
				);
				MARKETING_VERSION = 1.0;
				PRODUCT_BUNDLE_IDENTIFIER = Marcel.GrowGuard;
				PRODUCT_NAME = "$(TARGET_NAME)";
				SWIFT_EMIT_LOC_STRINGS = YES;
				SWIFT_VERSION = 5.0;
				TARGETED_DEVICE_FAMILY = "1,2";
			};
			name = Debug;
		};
		F6A006CF2BBE963B00EF7F62 /* Release */ = {
			isa = XCBuildConfiguration;
			buildSettings = {
				ASSETCATALOG_COMPILER_APPICON_NAME = AppIcon;
				ASSETCATALOG_COMPILER_GLOBAL_ACCENT_COLOR_NAME = AccentColor;
				CODE_SIGN_STYLE = Automatic;
				CURRENT_PROJECT_VERSION = 1;
				DEVELOPMENT_ASSET_PATHS = "\"GrowGuard/Preview Content\"";
				DEVELOPMENT_TEAM = 7VZFYR6Z9U;
				ENABLE_PREVIEWS = YES;
				GENERATE_INFOPLIST_FILE = YES;
				INFOPLIST_KEY_UIApplicationSceneManifest_Generation = YES;
				INFOPLIST_KEY_UIApplicationSupportsIndirectInputEvents = YES;
				INFOPLIST_KEY_UILaunchScreen_Generation = YES;
				INFOPLIST_KEY_UISupportedInterfaceOrientations_iPad = "UIInterfaceOrientationPortrait UIInterfaceOrientationPortraitUpsideDown UIInterfaceOrientationLandscapeLeft UIInterfaceOrientationLandscapeRight";
				INFOPLIST_KEY_UISupportedInterfaceOrientations_iPhone = "UIInterfaceOrientationPortrait UIInterfaceOrientationLandscapeLeft UIInterfaceOrientationLandscapeRight";
				LD_RUNPATH_SEARCH_PATHS = (
					"$(inherited)",
					"@executable_path/Frameworks",
				);
				MARKETING_VERSION = 1.0;
				PRODUCT_BUNDLE_IDENTIFIER = Marcel.GrowGuard;
				PRODUCT_NAME = "$(TARGET_NAME)";
				SWIFT_EMIT_LOC_STRINGS = YES;
				SWIFT_VERSION = 5.0;
				TARGETED_DEVICE_FAMILY = "1,2";
			};
			name = Release;
		};
/* End XCBuildConfiguration section */

/* Begin XCConfigurationList section */
		F6A006BA2BBE963A00EF7F62 /* Build configuration list for PBXProject "GrowGuard" */ = {
			isa = XCConfigurationList;
			buildConfigurations = (
				F6A006CB2BBE963B00EF7F62 /* Debug */,
				F6A006CC2BBE963B00EF7F62 /* Release */,
			);
			defaultConfigurationIsVisible = 0;
			defaultConfigurationName = Release;
		};
		F6A006CD2BBE963B00EF7F62 /* Build configuration list for PBXNativeTarget "GrowGuard" */ = {
			isa = XCConfigurationList;
			buildConfigurations = (
				F6A006CE2BBE963B00EF7F62 /* Debug */,
				F6A006CF2BBE963B00EF7F62 /* Release */,
			);
			defaultConfigurationIsVisible = 0;
			defaultConfigurationName = Release;
		};
/* End XCConfigurationList section */

/* Begin XCRemoteSwiftPackageReference section */
		F6846BC32BC3400B00F3E648 /* XCRemoteSwiftPackageReference "SDWebImageSwiftUI" */ = {
			isa = XCRemoteSwiftPackageReference;
			repositoryURL = "https://github.com/SDWebImage/SDWebImageSwiftUI";
			requirement = {
				kind = upToNextMajorVersion;
				minimumVersion = 3.0.2;
			};
		};
/* End XCRemoteSwiftPackageReference section */

/* Begin XCSwiftPackageProductDependency section */
		F6846BC42BC3400B00F3E648 /* SDWebImageSwiftUI */ = {
			isa = XCSwiftPackageProductDependency;
			package = F6846BC32BC3400B00F3E648 /* XCRemoteSwiftPackageReference "SDWebImageSwiftUI" */;
			productName = SDWebImageSwiftUI;
		};
/* End XCSwiftPackageProductDependency section */
	};
	rootObject = F6A006B72BBE963A00EF7F62 /* Project object */;
}
